
Microsoft Visual Studio Solution File, Format Version 12.00
# Visual Studio Version 16
VisualStudioVersion = 16.0.31624.102
MinimumVisualStudioVersion = 10.0.40219.1
Project("{8BC9CEB8-8B4A-11D0-8D11-00A0C91BC942}") = "OOP_lab4.4", "OOP_lab4.4.vcxproj", "{00B1B24D-02FB-4440-B8B9-267C309473E9}"
EndProject
Project("{8BC9CEB8-8B4A-11D0-8D11-00A0C91BC942}") = "UT_lab4.4", "UT_lab4.4\UT_lab4.4.vcxproj", "{0EFD356A-7286-402F-AC89-14B82E1CCAEF}"
EndProject
Global
	GlobalSection(SolutionConfigurationPlatforms) = preSolution
		Debug|x64 = Debug|x64
		Debug|x86 = Debug|x86
		Release|x64 = Release|x64
		Release|x86 = Release|x86
	EndGlobalSection
	GlobalSection(ProjectConfigurationPlatforms) = postSolution
		{00B1B24D-02FB-4440-B8B9-267C309473E9}.Debug|x64.ActiveCfg = Debug|x64
		{00B1B24D-02FB-4440-B8B9-267C309473E9}.Debug|x64.Build.0 = Debug|x64
		{00B1B24D-02FB-4440-B8B9-267C309473E9}.Debug|x86.ActiveCfg = Debug|Win32
		{00B1B24D-02FB-4440-B8B9-267C309473E9}.Debug|x86.Build.0 = Debug|Win32
		{00B1B24D-02FB-4440-B8B9-267C309473E9}.Release|x64.ActiveCfg = Release|x64
		{00B1B24D-02FB-4440-B8B9-267C309473E9}.Release|x64.Build.0 = Release|x64
		{00B1B24D-02FB-4440-B8B9-267C309473E9}.Release|x86.ActiveCfg = Release|Win32
		{00B1B24D-02FB-4440-B8B9-267C309473E9}.Release|x86.Build.0 = Release|Win32
		{0EFD356A-7286-402F-AC89-14B82E1CCAEF}.Debug|x64.ActiveCfg = Debug|x64
		{0EFD356A-7286-402F-AC89-14B82E1CCAEF}.Debug|x64.Build.0 = Debug|x64
		{0EFD356A-7286-402F-AC89-14B82E1CCAEF}.Debug|x86.ActiveCfg = Debug|Win32
		{0EFD356A-7286-402F-AC89-14B82E1CCAEF}.Debug|x86.Build.0 = Debug|Win32
		{0EFD356A-7286-402F-AC89-14B82E1CCAEF}.Release|x64.ActiveCfg = Release|x64
		{0EFD356A-7286-402F-AC89-14B82E1CCAEF}.Release|x64.Build.0 = Release|x64
		{0EFD356A-7286-402F-AC89-14B82E1CCAEF}.Release|x86.ActiveCfg = Release|Win32
		{0EFD356A-7286-402F-AC89-14B82E1CCAEF}.Release|x86.Build.0 = Release|Win32
	EndGlobalSection
	GlobalSection(SolutionProperties) = preSolution
		HideSolutionNode = FALSE
	EndGlobalSection
	GlobalSection(ExtensibilityGlobals) = postSolution
		SolutionGuid = {FBD08135-555F-4F7A-95D4-211147F3642A}
	EndGlobalSection
EndGlobal
